
Microsoft Visual Studio Solution File, Format Version 12.00
# Visual Studio Version 16
VisualStudioVersion = 16.0.30611.23
MinimumVisualStudioVersion = 10.0.40219.1
Project("{FAE04EC0-301F-11D3-BF4B-00C04F79EFBC}") = "Entidades", "Entidades\Entidades.csproj", "{C1C3EC57-4804-41A8-B6AE-C8BBED18C0F4}"
EndProject
Project("{FAE04EC0-301F-11D3-BF4B-00C04F79EFBC}") = "Funcionalidad", "Funcionalidad\Funcionalidad.csproj", "{A96C08D6-4839-49CC-93EE-A098D52606C4}"
EndProject
Project("{FAE04EC0-301F-11D3-BF4B-00C04F79EFBC}") = "TicketTracker", "TicketTracker\TicketTracker.csproj", "{6D0ECE0C-D32E-4229-BB0E-4AA42EB2D9B4}"
EndProject
Project("{FAE04EC0-301F-11D3-BF4B-00C04F79EFBC}") = "ConsoleTest", "ConsoleTest\ConsoleTest.csproj", "{0B45EE6C-5AED-4938-B95D-2AD2003C87C2}"
EndProject
Project("{FAE04EC0-301F-11D3-BF4B-00C04F79EFBC}") = "TestUnitarios", "TestUnitarios\TestUnitarios.csproj", "{D1D66511-5495-4774-91A7-003409594CD0}"
EndProject
Global
	GlobalSection(SolutionConfigurationPlatforms) = preSolution
		Debug|Any CPU = Debug|Any CPU
		Release|Any CPU = Release|Any CPU
	EndGlobalSection
	GlobalSection(ProjectConfigurationPlatforms) = postSolution
		{C1C3EC57-4804-41A8-B6AE-C8BBED18C0F4}.Debug|Any CPU.ActiveCfg = Debug|Any CPU
		{C1C3EC57-4804-41A8-B6AE-C8BBED18C0F4}.Debug|Any CPU.Build.0 = Debug|Any CPU
		{C1C3EC57-4804-41A8-B6AE-C8BBED18C0F4}.Release|Any CPU.ActiveCfg = Release|Any CPU
		{C1C3EC57-4804-41A8-B6AE-C8BBED18C0F4}.Release|Any CPU.Build.0 = Release|Any CPU
		{A96C08D6-4839-49CC-93EE-A098D52606C4}.Debug|Any CPU.ActiveCfg = Debug|Any CPU
		{A96C08D6-4839-49CC-93EE-A098D52606C4}.Debug|Any CPU.Build.0 = Debug|Any CPU
		{A96C08D6-4839-49CC-93EE-A098D52606C4}.Release|Any CPU.ActiveCfg = Release|Any CPU
		{A96C08D6-4839-49CC-93EE-A098D52606C4}.Release|Any CPU.Build.0 = Release|Any CPU
		{6D0ECE0C-D32E-4229-BB0E-4AA42EB2D9B4}.Debug|Any CPU.ActiveCfg = Debug|Any CPU
		{6D0ECE0C-D32E-4229-BB0E-4AA42EB2D9B4}.Debug|Any CPU.Build.0 = Debug|Any CPU
		{6D0ECE0C-D32E-4229-BB0E-4AA42EB2D9B4}.Release|Any CPU.ActiveCfg = Release|Any CPU
		{6D0ECE0C-D32E-4229-BB0E-4AA42EB2D9B4}.Release|Any CPU.Build.0 = Release|Any CPU
		{0B45EE6C-5AED-4938-B95D-2AD2003C87C2}.Debug|Any CPU.ActiveCfg = Debug|Any CPU
		{0B45EE6C-5AED-4938-B95D-2AD2003C87C2}.Debug|Any CPU.Build.0 = Debug|Any CPU
		{0B45EE6C-5AED-4938-B95D-2AD2003C87C2}.Release|Any CPU.ActiveCfg = Release|Any CPU
		{0B45EE6C-5AED-4938-B95D-2AD2003C87C2}.Release|Any CPU.Build.0 = Release|Any CPU
		{D1D66511-5495-4774-91A7-003409594CD0}.Debug|Any CPU.ActiveCfg = Debug|Any CPU
		{D1D66511-5495-4774-91A7-003409594CD0}.Debug|Any CPU.Build.0 = Debug|Any CPU
		{D1D66511-5495-4774-91A7-003409594CD0}.Release|Any CPU.ActiveCfg = Release|Any CPU
		{D1D66511-5495-4774-91A7-003409594CD0}.Release|Any CPU.Build.0 = Release|Any CPU
	EndGlobalSection
	GlobalSection(SolutionProperties) = preSolution
		HideSolutionNode = FALSE
	EndGlobalSection
	GlobalSection(ExtensibilityGlobals) = postSolution
		SolutionGuid = {2DA130B7-51DB-4A81-A873-D6B4607ECAEB}
	EndGlobalSection
EndGlobal
